{"1.2.0",
[{<<"cowboy">>,{pkg,<<"cowboy">>,<<"2.19.0">>},0},
 {<<"cowlib">>,{pkg,<<"cowlib">>,<<"2.20.0">>},1},
 {<<"enats">>,{pkg,<<"enats">>,<<"1.2.0">>},0},
 {<<"enats_msg">>,{pkg,<<"enats_msg">>,<<"1.0.3">>},1},
 {<<"eqwalizer_support">>,
  {git_subdir,"https://github.com/whatsapp/eqwalizer.git",
              {ref,"c57aa9e3a05553d1ba66ea647a2177eaa469211b"},
              "eqwalizer_support"},
  0},
 {<<"ezstd">>,{pkg,<<"ezstd">>,<<"1.2.4">>},0},
 {<<"jose">>,{pkg,<<"jose">>,<<"1.11.12">>},0},
 {<<"opentelemetry_api">>,{pkg,<<"opentelemetry_api">>,<<"1.5.0">>},0},
 {<<"ranch">>,{pkg,<<"ranch">>,<<"2.3.0">>},1}]}.
[
{pkg_hash,[
 {<<"cowboy">>, <<"78B9D92D25A23E56D7341040B67946C04067CD77DE966E2372865F673A8E6F59">>},
 {<<"cowlib">>, <<"BB525377BA634CD6D68BAC7BFF5D98571F738806139D335DACA827717C5DC172">>},
 {<<"enats">>, <<"D7459C804013CAFA4AF880B18D446C48890D28D372D62AD66C76187E5779248D">>},
 {<<"enats_msg">>, <<"50631124F37D88BE76A91A5B96A6565C5981EBF917CD819F0175CA658A966F43">>},
 {<<"ezstd">>, <<"7AB3ED4BF5ED93E249C936F457A060CF99487F392A41B2B3FD0F93E2C792A7D6">>},
 {<<"jose">>, <<"06E62B467B61D3726CBC19E9B5489F7549C37993DE846DFB3EE8259F9ED208B3">>},
 {<<"opentelemetry_api">>, <<"1A676F3E3340CAB81C763E939A42E11A70C22863F645AA06AAFEFC689B5550CF">>},
 {<<"ranch">>, <<"7DE7B041A9A6A5091A3AA5898D66C0564BE671D87DB4F9D63B1B5EE775B097DF">>}]},
{pkg_hash_ext,[
 {<<"cowboy">>, <<"986DAE81F99FCB78EF2D8EFC21D738CEE189410840EEAF32ECA84ADA81DCF6D4">>},
 {<<"cowlib">>, <<"7D41A0DD2C093041FF3779AC5FE8A1585A68EC7CB2DD1DE0536BDD2452FD7BA1">>},
 {<<"enats">>, <<"20DEB3CB1D3E960194DF8B136C40D2DB085B485BBA5E493B340AB5F9FD2BED22">>},
 {<<"enats_msg">>, <<"C4F2139E5144FABC99AFE01B8B016AD9DA278CDDC60857AC5D5AFB0AD1283534">>},
 {<<"ezstd">>, <<"C79A63C8F1706CA5402D4D97347A1934F41FD8DD055C7AF4CA92B9BCBEF6D1C0">>},
 {<<"jose">>, <<"31E92B653E9210B696765CDD885437457DE1ADD2A9011D92F8CF63E4641BAB7B">>},
 {<<"opentelemetry_api">>, <<"F53EC8A1337AE4A487D43AC89DA4BD3A3C99DDF576655D071DEED8B56A2D5DDA">>},
 {<<"ranch">>, <<"6168EC49409D982F7CFBD83DD083144F6CBE67CAA4036551D2F0A3AD67C9D023">>}]}
].
